// !$*UTF8*$!
{
	archiveVersion = 1;
	classes = {
	};
	objectVersion = 50;
	objects = {

/* Begin PBXBuildFile section */
		FF1D1F5F262368E9009128FF /* AppDelegate.swift in Sources */ = {isa = PBXBuildFile; fileRef = FF1D1F5E262368E9009128FF /* AppDelegate.swift */; };
		FF1D1F61262368E9009128FF /* SceneDelegate.swift in Sources */ = {isa = PBXBuildFile; fileRef = FF1D1F60262368E9009128FF /* SceneDelegate.swift */; };
		FF1D1F63262368E9009128FF /* ViewController.swift in Sources */ = {isa = PBXBuildFile; fileRef = FF1D1F62262368E9009128FF /* ViewController.swift */; };
		FF1D1F66262368E9009128FF /* Main.storyboard in Resources */ = {isa = PBXBuildFile; fileRef = FF1D1F64262368E9009128FF /* Main.storyboard */; };
		FF1D1F68262368F1009128FF /* Assets.xcassets in Resources */ = {isa = PBXBuildFile; fileRef = FF1D1F67262368F1009128FF /* Assets.xcassets */; };
		FF1D1F6B262368F1009128FF /* LaunchScreen.storyboard in Resources */ = {isa = PBXBuildFile; fileRef = FF1D1F69262368F1009128FF /* LaunchScreen.storyboard */; };
		FF1D1F7D26237D57009128FF /* LogInVC.swift in Sources */ = {isa = PBXBuildFile; fileRef = FF1D1F7C26237D57009128FF /* LogInVC.swift */; };
		FF1D1F8026237E22009128FF /* UserData.swift in Sources */ = {isa = PBXBuildFile; fileRef = FF1D1F7F26237E22009128FF /* UserData.swift */; };
		FF1D1F8326237ED8009128FF /* AllData.swift in Sources */ = {isa = PBXBuildFile; fileRef = FF1D1F8226237ED8009128FF /* AllData.swift */; };
		FF1D1F8626238221009128FF /* FinalVC.swift in Sources */ = {isa = PBXBuildFile; fileRef = FF1D1F8526238221009128FF /* FinalVC.swift */; };
/* End PBXBuildFile section */

/* Begin PBXFileReference section */
		FF1D1F5B262368E9009128FF /* HW2.5.app */ = {isa = PBXFileReference; explicitFileType = wrapper.application; includeInIndex = 0; path = HW2.5.app; sourceTree = BUILT_PRODUCTS_DIR; };
		FF1D1F5E262368E9009128FF /* AppDelegate.swift */ = {isa = PBXFileReference; lastKnownFileType = sourcecode.swift; path = AppDelegate.swift; sourceTree = "<group>"; };
		FF1D1F60262368E9009128FF /* SceneDelegate.swift */ = {isa = PBXFileReference; lastKnownFileType = sourcecode.swift; path = SceneDelegate.swift; sourceTree = "<group>"; };
		FF1D1F62262368E9009128FF /* ViewController.swift */ = {isa = PBXFileReference; lastKnownFileType = sourcecode.swift; path = ViewController.swift; sourceTree = "<group>"; };
		FF1D1F65262368E9009128FF /* Base */ = {isa = PBXFileReference; lastKnownFileType = file.storyboard; name = Base; path = Base.lproj/Main.storyboard; sourceTree = "<group>"; };
		FF1D1F67262368F1009128FF /* Assets.xcassets */ = {isa = PBXFileReference; lastKnownFileType = folder.assetcatalog; path = Assets.xcassets; sourceTree = "<group>"; };
		FF1D1F6A262368F1009128FF /* Base */ = {isa = PBXFileReference; lastKnownFileType = file.storyboard; name = Base; path = Base.lproj/LaunchScreen.storyboard; sourceTree = "<group>"; };
		FF1D1F6C262368F1009128FF /* Info.plist */ = {isa = PBXFileReference; lastKnownFileType = text.plist.xml; path = Info.plist; sourceTree = "<group>"; };
		FF1D1F7C26237D57009128FF /* LogInVC.swift */ = {isa = PBXFileReference; lastKnownFileType = sourcecode.swift; path = LogInVC.swift; sourceTree = "<group>"; };
		FF1D1F7F26237E22009128FF /* UserData.swift */ = {isa = PBXFileReference; lastKnownFileType = sourcecode.swift; path = UserData.swift; sourceTree = "<group>"; };
		FF1D1F8226237ED8009128FF /* AllData.swift */ = {isa = PBXFileReference; lastKnownFileType = sourcecode.swift; path = AllData.swift; sourceTree = "<group>"; };
		FF1D1F8526238221009128FF /* FinalVC.swift */ = {isa = PBXFileReference; lastKnownFileType = sourcecode.swift; path = FinalVC.swift; sourceTree = "<group>"; };
/* End PBXFileReference section */

/* Begin PBXFrameworksBuildPhase section */
		FF1D1F58262368E9009128FF /* Frameworks */ = {
			isa = PBXFrameworksBuildPhase;
			buildActionMask = 2147483647;
			files = (
			);
			runOnlyForDeploymentPostprocessing = 0;
		};
/* End PBXFrameworksBuildPhase section */

/* Begin PBXGroup section */
		FF1D1F52262368E9009128FF = {
			isa = PBXGroup;
			children = (
				FF1D1F5D262368E9009128FF /* HW2.5 */,
				FF1D1F5C262368E9009128FF /* Products */,
			);
			sourceTree = "<group>";
		};
		FF1D1F5C262368E9009128FF /* Products */ = {
			isa = PBXGroup;
			children = (
				FF1D1F5B262368E9009128FF /* HW2.5.app */,
			);
			name = Products;
			sourceTree = "<group>";
		};
		FF1D1F5D262368E9009128FF /* HW2.5 */ = {
			isa = PBXGroup;
			children = (
				FF1D1F7A26236C3D009128FF /* Module */,
				FF1D1F732623695D009128FF /* Supported files */,
				FF1D1F7926236AD9009128FF /* View */,
				FF1D1F7526236A7E009128FF /* Resourses */,
				FF1D1F7726236AA2009128FF /* Control */,
			);
			path = HW2.5;
			sourceTree = "<group>";
		};
		FF1D1F732623695D009128FF /* Supported files */ = {
			isa = PBXGroup;
			children = (
				FF1D1F5E262368E9009128FF /* AppDelegate.swift */,
				FF1D1F6C262368F1009128FF /* Info.plist */,
			);
			path = "Supported files";
			sourceTree = "<group>";
		};
		FF1D1F7526236A7E009128FF /* Resourses */ = {
			isa = PBXGroup;
			children = (
				FF1D1F67262368F1009128FF /* Assets.xcassets */,
			);
			path = Resourses;
			sourceTree = "<group>";
		};
		FF1D1F7726236AA2009128FF /* Control */ = {
			isa = PBXGroup;
			children = (
				FF1D1F62262368E9009128FF /* ViewController.swift */,
				FF1D1F7C26237D57009128FF /* LogInVC.swift */,
				FF1D1F8526238221009128FF /* FinalVC.swift */,
			);
			path = Control;
			sourceTree = "<group>";
		};
		FF1D1F7926236AD9009128FF /* View */ = {
			isa = PBXGroup;
			children = (
				FF1D1F64262368E9009128FF /* Main.storyboard */,
				FF1D1F60262368E9009128FF /* SceneDelegate.swift */,
				FF1D1F69262368F1009128FF /* LaunchScreen.storyboard */,
			);
			path = View;
			sourceTree = "<group>";
		};
		FF1D1F7A26236C3D009128FF /* Module */ = {
			isa = PBXGroup;
			children = (
				FF1D1F7F26237E22009128FF /* UserData.swift */,
				FF1D1F8226237ED8009128FF /* AllData.swift */,
			);
			path = Module;
			sourceTree = "<group>";
		};
/* End PBXGroup section */

/* Begin PBXNativeTarget section */
		FF1D1F5A262368E9009128FF /* HW2.5 */ = {
			isa = PBXNativeTarget;
			buildConfigurationList = FF1D1F6F262368F1009128FF /* Build configuration list for PBXNativeTarget "HW2.5" */;
			buildPhases = (
				FF1D1F57262368E9009128FF /* Sources */,
				FF1D1F58262368E9009128FF /* Frameworks */,
				FF1D1F59262368E9009128FF /* Resources */,
			);
			buildRules = (
			);
			dependencies = (
			);
			name = HW2.5;
			productName = HW2.5;
			productReference = FF1D1F5B262368E9009128FF /* HW2.5.app */;
			productType = "com.apple.product-type.application";
		};
/* End PBXNativeTarget section */

/* Begin PBXProject section */
		FF1D1F53262368E9009128FF /* Project object */ = {
			isa = PBXProject;
			attributes = {
				LastSwiftUpdateCheck = 1240;
				LastUpgradeCheck = 1240;
				TargetAttributes = {
					FF1D1F5A262368E9009128FF = {
						CreatedOnToolsVersion = 12.4;
					};
				};
			};
			buildConfigurationList = FF1D1F56262368E9009128FF /* Build configuration list for PBXProject "HW2.5" */;
			compatibilityVersion = "Xcode 9.3";
			developmentRegion = en;
			hasScannedForEncodings = 0;
			knownRegions = (
				en,
				Base,
			);
			mainGroup = FF1D1F52262368E9009128FF;
			productRefGroup = FF1D1F5C262368E9009128FF /* Products */;
			projectDirPath = "";
			projectRoot = "";
			targets = (
				FF1D1F5A262368E9009128FF /* HW2.5 */,
			);
		};
/* End PBXProject section */

/* Begin PBXResourcesBuildPhase section */
		FF1D1F59262368E9009128FF /* Resources */ = {
			isa = PBXResourcesBuildPhase;
			buildActionMask = 2147483647;
			files = (
				FF1D1F6B262368F1009128FF /* LaunchScreen.storyboard in Resources */,
				FF1D1F68262368F1009128FF /* Assets.xcassets in Resources */,
				FF1D1F66262368E9009128FF /* Main.storyboard in Resources */,
			);
			runOnlyForDeploymentPostprocessing = 0;
		};
/* End PBXResourcesBuildPhase section */

/* Begin PBXSourcesBuildPhase section */
		FF1D1F57262368E9009128FF /* Sources */ = {
			isa = PBXSourcesBuildPhase;
			buildActionMask = 2147483647;
			files = (
				FF1D1F8626238221009128FF /* FinalVC.swift in Sources */,
				FF1D1F63262368E9009128FF /* ViewController.swift in Sources */,
				FF1D1F5F262368E9009128FF /* AppDelegate.swift in Sources */,
				FF1D1F7D26237D57009128FF /* LogInVC.swift in Sources */,
				FF1D1F8026237E22009128FF /* UserData.swift in Sources */,
				FF1D1F61262368E9009128FF /* SceneDelegate.swift in Sources */,
				FF1D1F8326237ED8009128FF /* AllData.swift in Sources */,
			);
			runOnlyForDeploymentPostprocessing = 0;
		};
/* End PBXSourcesBuildPhase section */

/* Begin PBXVariantGroup section */
		FF1D1F64262368E9009128FF /* Main.storyboard */ = {
			isa = PBXVariantGroup;
			children = (
				FF1D1F65262368E9009128FF /* Base */,
			);
			name = Main.storyboard;
			sourceTree = "<group>";
		};
		FF1D1F69262368F1009128FF /* LaunchScreen.storyboard */ = {
			isa = PBXVariantGroup;
			children = (
				FF1D1F6A262368F1009128FF /* Base */,
			);
			name = LaunchScreen.storyboard;
			sourceTree = "<group>";
		};
/* End PBXVariantGroup section */

/* Begin XCBuildConfiguration section */
		FF1D1F6D262368F1009128FF /* Debug */ = {
			isa = XCBuildConfiguration;
			buildSettings = {
				ALWAYS_SEARCH_USER_PATHS = NO;
				CLANG_ANALYZER_NONNULL = YES;
				CLANG_ANALYZER_NUMBER_OBJECT_CONVERSION = YES_AGGRESSIVE;
				CLANG_CXX_LANGUAGE_STANDARD = "gnu++14";
				CLANG_CXX_LIBRARY = "libc++";
				CLANG_ENABLE_MODULES = YES;
				CLANG_ENABLE_OBJC_ARC = YES;
				CLANG_ENABLE_OBJC_WEAK = YES;
				CLANG_WARN_BLOCK_CAPTURE_AUTORELEASING = YES;
				CLANG_WARN_BOOL_CONVERSION = YES;
				CLANG_WARN_COMMA = YES;
				CLANG_WARN_CONSTANT_CONVERSION = YES;
				CLANG_WARN_DEPRECATED_OBJC_IMPLEMENTATIONS = YES;
				CLANG_WARN_DIRECT_OBJC_ISA_USAGE = YES_ERROR;
				CLANG_WARN_DOCUMENTATION_COMMENTS = YES;
				CLANG_WARN_EMPTY_BODY = YES;
				CLANG_WARN_ENUM_CONVERSION = YES;
				CLANG_WARN_INFINITE_RECURSION = YES;
				CLANG_WARN_INT_CONVERSION = YES;
				CLANG_WARN_NON_LITERAL_NULL_CONVERSION = YES;
				CLANG_WARN_OBJC_IMPLICIT_RETAIN_SELF = YES;
				CLANG_WARN_OBJC_LITERAL_CONVERSION = YES;
				CLANG_WARN_OBJC_ROOT_CLASS = YES_ERROR;
				CLANG_WARN_QUOTED_INCLUDE_IN_FRAMEWORK_HEADER = YES;
				CLANG_WARN_RANGE_LOOP_ANALYSIS = YES;
				CLANG_WARN_STRICT_PROTOTYPES = YES;
				CLANG_WARN_SUSPICIOUS_MOVE = YES;
				CLANG_WARN_UNGUARDED_AVAILABILITY = YES_AGGRESSIVE;
				CLANG_WARN_UNREACHABLE_CODE = YES;
				CLANG_WARN__DUPLICATE_METHOD_MATCH = YES;
				COPY_PHASE_STRIP = NO;
				DEBUG_INFORMATION_FORMAT = dwarf;
				ENABLE_STRICT_OBJC_MSGSEND = YES;
				ENABLE_TESTABILITY = YES;
				GCC_C_LANGUAGE_STANDARD = gnu11;
				GCC_DYNAMIC_NO_PIC = NO;
				GCC_NO_COMMON_BLOCKS = YES;
				GCC_OPTIMIZATION_LEVEL = 0;
				GCC_PREPROCESSOR_DEFINITIONS = (
					"DEBUG=1",
					"$(inherited)",
				);
				GCC_WARN_64_TO_32_BIT_CONVERSION = YES;
				GCC_WARN_ABOUT_RETURN_TYPE = YES_ERROR;
				GCC_WARN_UNDECLARED_SELECTOR = YES;
				GCC_WARN_UNINITIALIZED_AUTOS = YES_AGGRESSIVE;
				GCC_WARN_UNUSED_FUNCTION = YES;
				GCC_WARN_UNUSED_VARIABLE = YES;
				IPHONEOS_DEPLOYMENT_TARGET = 14.4;
				MTL_ENABLE_DEBUG_INFO = INCLUDE_SOURCE;
				MTL_FAST_MATH = YES;
				ONLY_ACTIVE_ARCH = YES;
				SDKROOT = iphoneos;
				SWIFT_ACTIVE_COMPILATION_CONDITIONS = DEBUG;
				SWIFT_OPTIMIZATION_LEVEL = "-Onone";
			};
			name = Debug;
		};
		FF1D1F6E262368F1009128FF /* Release */ = {
			isa = XCBuildConfiguration;
			buildSettings = {
				ALWAYS_SEARCH_USER_PATHS = NO;
				CLANG_ANALYZER_NONNULL = YES;
				CLANG_ANALYZER_NUMBER_OBJECT_CONVERSION = YES_AGGRESSIVE;
				CLANG_CXX_LANGUAGE_STANDARD = "gnu++14";
				CLANG_CXX_LIBRARY = "libc++";
				CLANG_ENABLE_MODULES = YES;
				CLANG_ENABLE_OBJC_ARC = YES;
				CLANG_ENABLE_OBJC_WEAK = YES;
				CLANG_WARN_BLOCK_CAPTURE_AUTORELEASING = YES;
				CLANG_WARN_BOOL_CONVERSION = YES;
				CLANG_WARN_COMMA = YES;
				CLANG_WARN_CONSTANT_CONVERSION = YES;
				CLANG_WARN_DEPRECATED_OBJC_IMPLEMENTATIONS = YES;
				CLANG_WARN_DIRECT_OBJC_ISA_USAGE = YES_ERROR;
				CLANG_WARN_DOCUMENTATION_COMMENTS = YES;
				CLANG_WARN_EMPTY_BODY = YES;
				CLANG_WARN_ENUM_CONVERSION = YES;
				CLANG_WARN_INFINITE_RECURSION = YES;
				CLANG_WARN_INT_CONVERSION = YES;
				CLANG_WARN_NON_LITERAL_NULL_CONVERSION = YES;
				CLANG_WARN_OBJC_IMPLICIT_RETAIN_SELF = YES;
				CLANG_WARN_OBJC_LITERAL_CONVERSION = YES;
				CLANG_WARN_OBJC_ROOT_CLASS = YES_ERROR;
				CLANG_WARN_QUOTED_INCLUDE_IN_FRAMEWORK_HEADER = YES;
				CLANG_WARN_RANGE_LOOP_ANALYSIS = YES;
				CLANG_WARN_STRICT_PROTOTYPES = YES;
				CLANG_WARN_SUSPICIOUS_MOVE = YES;
				CLANG_WARN_UNGUARDED_AVAILABILITY = YES_AGGRESSIVE;
				CLANG_WARN_UNREACHABLE_CODE = YES;
				CLANG_WARN__DUPLICATE_METHOD_MATCH = YES;
				COPY_PHASE_STRIP = NO;
				DEBUG_INFORMATION_FORMAT = "dwarf-with-dsym";
				ENABLE_NS_ASSERTIONS = NO;
				ENABLE_STRICT_OBJC_MSGSEND = YES;
				GCC_C_LANGUAGE_STANDARD = gnu11;
				GCC_NO_COMMON_BLOCKS = YES;
				GCC_WARN_64_TO_32_BIT_CONVERSION = YES;
				GCC_WARN_ABOUT_RETURN_TYPE = YES_ERROR;
				GCC_WARN_UNDECLARED_SELECTOR = YES;
				GCC_WARN_UNINITIALIZED_AUTOS = YES_AGGRESSIVE;
				GCC_WARN_UNUSED_FUNCTION = YES;
				GCC_WARN_UNUSED_VARIABLE = YES;
				IPHONEOS_DEPLOYMENT_TARGET = 14.4;
				MTL_ENABLE_DEBUG_INFO = NO;
				MTL_FAST_MATH = YES;
				SDKROOT = iphoneos;
				SWIFT_COMPILATION_MODE = wholemodule;
				SWIFT_OPTIMIZATION_LEVEL = "-O";
				VALIDATE_PRODUCT = YES;
			};
			name = Release;
		};
		FF1D1F70262368F1009128FF /* Debug */ = {
			isa = XCBuildConfiguration;
			buildSettings = {
				ASSETCATALOG_COMPILER_APPICON_NAME = AppIcon;
				ASSETCATALOG_COMPILER_GLOBAL_ACCENT_COLOR_NAME = AccentColor;
				CODE_SIGN_STYLE = Automatic;
				DEVELOPMENT_TEAM = AF68Y4A9MG;
				INFOPLIST_FILE = "HW2.5/Supported files/Info.plist";
				LD_RUNPATH_SEARCH_PATHS = (
					"$(inherited)",
					"@executable_path/Frameworks",
				);
				PRODUCT_BUNDLE_IDENTIFIER = "-.HW2-5";
				PRODUCT_NAME = "$(TARGET_NAME)";
				SWIFT_VERSION = 5.0;
				TARGETED_DEVICE_FAMILY = "1,2";
			};
			name = Debug;
		};
		FF1D1F71262368F1009128FF /* Release */ = {
			isa = XCBuildConfiguration;
			buildSettings = {
				ASSETCATALOG_COMPILER_APPICON_NAME = AppIcon;
				ASSETCATALOG_COMPILER_GLOBAL_ACCENT_COLOR_NAME = AccentColor;
				CODE_SIGN_STYLE = Automatic;
				DEVELOPMENT_TEAM = AF68Y4A9MG;
				INFOPLIST_FILE = "HW2.5/Supported files/Info.plist";
				LD_RUNPATH_SEARCH_PATHS = (
					"$(inherited)",
					"@executable_path/Frameworks",
				);
				PRODUCT_BUNDLE_IDENTIFIER = "-.HW2-5";
				PRODUCT_NAME = "$(TARGET_NAME)";
				SWIFT_VERSION = 5.0;
				TARGETED_DEVICE_FAMILY = "1,2";
			};
			name = Release;
		};
/* End XCBuildConfiguration section */

/* Begin XCConfigurationList section */
		FF1D1F56262368E9009128FF /* Build configuration list for PBXProject "HW2.5" */ = {
			isa = XCConfigurationList;
			buildConfigurations = (
				FF1D1F6D262368F1009128FF /* Debug */,
				FF1D1F6E262368F1009128FF /* Release */,
			);
			defaultConfigurationIsVisible = 0;
			defaultConfigurationName = Release;
		};
		FF1D1F6F262368F1009128FF /* Build configuration list for PBXNativeTarget "HW2.5" */ = {
			isa = XCConfigurationList;
			buildConfigurations = (
				FF1D1F70262368F1009128FF /* Debug */,
				FF1D1F71262368F1009128FF /* Release */,
			);
			defaultConfigurationIsVisible = 0;
			defaultConfigurationName = Release;
		};
/* End XCConfigurationList section */
	};
	rootObject = FF1D1F53262368E9009128FF /* Project object */;
}
